
Microsoft Visual Studio Solution File, Format Version 12.00
# Visual Studio Version 17
VisualStudioVersion = 17.7.34018.315
MinimumVisualStudioVersion = 10.0.40219.1
Project("{FAE04EC0-301F-11D3-BF4B-00C04F79EFBC}") = "Using Controllers", "Using Controllers\Using Controllers.csproj", "{19D65790-5997-4560-82E3-A5F4C4EE6AB9}"
EndProject
Global
	GlobalSection(SolutionConfigurationPlatforms) = preSolution
		Debug|Any CPU = Debug|Any CPU
		Release|Any CPU = Release|Any CPU
	EndGlobalSection
	GlobalSection(ProjectConfigurationPlatforms) = postSolution
		{19D65790-5997-4560-82E3-A5F4C4EE6AB9}.Debug|Any CPU.ActiveCfg = Debug|Any CPU
		{19D65790-5997-4560-82E3-A5F4C4EE6AB9}.Debug|Any CPU.Build.0 = Debug|Any CPU
		{19D65790-5997-4560-82E3-A5F4C4EE6AB9}.Release|Any CPU.ActiveCfg = Release|Any CPU
		{19D65790-5997-4560-82E3-A5F4C4EE6AB9}.Release|Any CPU.Build.0 = Release|Any CPU
	EndGlobalSection
	GlobalSection(SolutionProperties) = preSolution
		HideSolutionNode = FALSE
	EndGlobalSection
	GlobalSection(ExtensibilityGlobals) = postSolution
		SolutionGuid = {627E3673-A485-400E-8396-8DE7E97F300B}
	EndGlobalSection
EndGlobal
