
Microsoft Visual Studio Solution File, Format Version 12.00
# Visual Studio Version 17
VisualStudioVersion = 17.7.34018.315
MinimumVisualStudioVersion = 10.0.40219.1
Project("{FAE04EC0-301F-11D3-BF4B-00C04F79EFBC}") = "Routing", "Routing\Routing.csproj", "{D58F7B23-BC3E-4723-87A0-A41B187B0D7F}"
EndProject
Global
	GlobalSection(SolutionConfigurationPlatforms) = preSolution
		Debug|Any CPU = Debug|Any CPU
		Release|Any CPU = Release|Any CPU
	EndGlobalSection
	GlobalSection(ProjectConfigurationPlatforms) = postSolution
		{D58F7B23-BC3E-4723-87A0-A41B187B0D7F}.Debug|Any CPU.ActiveCfg = Debug|Any CPU
		{D58F7B23-BC3E-4723-87A0-A41B187B0D7F}.Debug|Any CPU.Build.0 = Debug|Any CPU
		{D58F7B23-BC3E-4723-87A0-A41B187B0D7F}.Release|Any CPU.ActiveCfg = Release|Any CPU
		{D58F7B23-BC3E-4723-87A0-A41B187B0D7F}.Release|Any CPU.Build.0 = Release|Any CPU
	EndGlobalSection
	GlobalSection(SolutionProperties) = preSolution
		HideSolutionNode = FALSE
	EndGlobalSection
	GlobalSection(ExtensibilityGlobals) = postSolution
		SolutionGuid = {4376AE37-3DDE-469B-B8D2-B18FC6282916}
	EndGlobalSection
EndGlobal
