
Microsoft Visual Studio Solution File, Format Version 12.00
# Visual Studio Version 17
VisualStudioVersion = 17.7.34018.315
MinimumVisualStudioVersion = 10.0.40219.1
Project("{FAE04EC0-301F-11D3-BF4B-00C04F79EFBC}") = "Page Directive", "Page Directive\Page Directive.csproj", "{496C5ECE-A4BF-4922-9416-ECFA44B3CE18}"
EndProject
Global
	GlobalSection(SolutionConfigurationPlatforms) = preSolution
		Debug|Any CPU = Debug|Any CPU
		Release|Any CPU = Release|Any CPU
	EndGlobalSection
	GlobalSection(ProjectConfigurationPlatforms) = postSolution
		{496C5ECE-A4BF-4922-9416-ECFA44B3CE18}.Debug|Any CPU.ActiveCfg = Debug|Any CPU
		{496C5ECE-A4BF-4922-9416-ECFA44B3CE18}.Debug|Any CPU.Build.0 = Debug|Any CPU
		{496C5ECE-A4BF-4922-9416-ECFA44B3CE18}.Release|Any CPU.ActiveCfg = Release|Any CPU
		{496C5ECE-A4BF-4922-9416-ECFA44B3CE18}.Release|Any CPU.Build.0 = Release|Any CPU
	EndGlobalSection
	GlobalSection(SolutionProperties) = preSolution
		HideSolutionNode = FALSE
	EndGlobalSection
	GlobalSection(ExtensibilityGlobals) = postSolution
		SolutionGuid = {EDAE3E67-EFDF-4256-85F4-98D4AA824848}
	EndGlobalSection
EndGlobal
