
Microsoft Visual Studio Solution File, Format Version 12.00
# Visual Studio Version 17
VisualStudioVersion = 17.7.34018.315
MinimumVisualStudioVersion = 10.0.40219.1
Project("{FAE04EC0-301F-11D3-BF4B-00C04F79EFBC}") = "Scaffoldings", "Scaffoldings\Scaffoldings.csproj", "{B012E03C-AF5E-4E37-A1E0-5BFB43D06167}"
EndProject
Global
	GlobalSection(SolutionConfigurationPlatforms) = preSolution
		Debug|Any CPU = Debug|Any CPU
		Release|Any CPU = Release|Any CPU
	EndGlobalSection
	GlobalSection(ProjectConfigurationPlatforms) = postSolution
		{B012E03C-AF5E-4E37-A1E0-5BFB43D06167}.Debug|Any CPU.ActiveCfg = Debug|Any CPU
		{B012E03C-AF5E-4E37-A1E0-5BFB43D06167}.Debug|Any CPU.Build.0 = Debug|Any CPU
		{B012E03C-AF5E-4E37-A1E0-5BFB43D06167}.Release|Any CPU.ActiveCfg = Release|Any CPU
		{B012E03C-AF5E-4E37-A1E0-5BFB43D06167}.Release|Any CPU.Build.0 = Release|Any CPU
	EndGlobalSection
	GlobalSection(SolutionProperties) = preSolution
		HideSolutionNode = FALSE
	EndGlobalSection
	GlobalSection(ExtensibilityGlobals) = postSolution
		SolutionGuid = {ACA96499-C146-4C63-9E8F-89F5A81F42EF}
	EndGlobalSection
EndGlobal
