
Microsoft Visual Studio Solution File, Format Version 12.00
# Visual Studio Version 17
VisualStudioVersion = 17.7.34018.315
MinimumVisualStudioVersion = 10.0.40219.1
Project("{FAE04EC0-301F-11D3-BF4B-00C04F79EFBC}") = "CRUD Operations using Entity Framework", "CRUD Operations using Entity Framework\CRUD Operations using Entity Framework.csproj", "{3C463051-B284-45F0-A4B0-5D15F8C90C32}"
EndProject
Global
	GlobalSection(SolutionConfigurationPlatforms) = preSolution
		Debug|Any CPU = Debug|Any CPU
		Release|Any CPU = Release|Any CPU
	EndGlobalSection
	GlobalSection(ProjectConfigurationPlatforms) = postSolution
		{3C463051-B284-45F0-A4B0-5D15F8C90C32}.Debug|Any CPU.ActiveCfg = Debug|Any CPU
		{3C463051-B284-45F0-A4B0-5D15F8C90C32}.Debug|Any CPU.Build.0 = Debug|Any CPU
		{3C463051-B284-45F0-A4B0-5D15F8C90C32}.Release|Any CPU.ActiveCfg = Release|Any CPU
		{3C463051-B284-45F0-A4B0-5D15F8C90C32}.Release|Any CPU.Build.0 = Release|Any CPU
	EndGlobalSection
	GlobalSection(SolutionProperties) = preSolution
		HideSolutionNode = FALSE
	EndGlobalSection
	GlobalSection(ExtensibilityGlobals) = postSolution
		SolutionGuid = {055711E5-E6CD-4EDD-8372-7CF66AF3E0B9}
	EndGlobalSection
EndGlobal
