
Microsoft Visual Studio Solution File, Format Version 12.00
# Visual Studio Version 17
VisualStudioVersion = 17.7.34018.315
MinimumVisualStudioVersion = 10.0.40219.1
Project("{FAE04EC0-301F-11D3-BF4B-00C04F79EFBC}") = "Custom Helper Methods", "Custom Helper Methods\Custom Helper Methods.csproj", "{4F3A5A22-D233-40BD-9F26-141581087215}"
EndProject
Global
	GlobalSection(SolutionConfigurationPlatforms) = preSolution
		Debug|Any CPU = Debug|Any CPU
		Release|Any CPU = Release|Any CPU
	EndGlobalSection
	GlobalSection(ProjectConfigurationPlatforms) = postSolution
		{4F3A5A22-D233-40BD-9F26-141581087215}.Debug|Any CPU.ActiveCfg = Debug|Any CPU
		{4F3A5A22-D233-40BD-9F26-141581087215}.Debug|Any CPU.Build.0 = Debug|Any CPU
		{4F3A5A22-D233-40BD-9F26-141581087215}.Release|Any CPU.ActiveCfg = Release|Any CPU
		{4F3A5A22-D233-40BD-9F26-141581087215}.Release|Any CPU.Build.0 = Release|Any CPU
	EndGlobalSection
	GlobalSection(SolutionProperties) = preSolution
		HideSolutionNode = FALSE
	EndGlobalSection
	GlobalSection(ExtensibilityGlobals) = postSolution
		SolutionGuid = {17B0A954-42B5-4C31-A0EC-1739109B399C}
	EndGlobalSection
EndGlobal
